
Microsoft Visual Studio Solution File, Format Version 12.00
# Visual Studio Version 17
VisualStudioVersion = 17.8.34525.116
MinimumVisualStudioVersion = 10.0.40219.1
Project("{9A19103F-16F7-4668-BE54-9A1E7A4F7556}") = "DotNetInterop.ShadercNet", "DotNetInterop.ShadercNet\DotNetInterop.ShadercNet.csproj", "{DFEF3E3C-2588-440E-8210-B6093BAD6AE5}"
EndProject
Project("{FAE04EC0-301F-11D3-BF4B-00C04F79EFBC}") = "DotNetInterop.ShadercNet.Test", "DotNetInterop.ShadercNet.Test\DotNetInterop.ShadercNet.Test.csproj", "{19AF581B-C9AB-4384-8498-762AB12BE96F}"
EndProject
Global
	GlobalSection(SolutionConfigurationPlatforms) = preSolution
		Debug|Any CPU = Debug|Any CPU
		Debug|x64 = Debug|x64
		Release|Any CPU = Release|Any CPU
		Release|x64 = Release|x64
	EndGlobalSection
	GlobalSection(ProjectConfigurationPlatforms) = postSolution
		{DFEF3E3C-2588-440E-8210-B6093BAD6AE5}.Debug|Any CPU.ActiveCfg = Debug|Any CPU
		{DFEF3E3C-2588-440E-8210-B6093BAD6AE5}.Debug|Any CPU.Build.0 = Debug|Any CPU
		{DFEF3E3C-2588-440E-8210-B6093BAD6AE5}.Debug|x64.ActiveCfg = Debug|x64
		{DFEF3E3C-2588-440E-8210-B6093BAD6AE5}.Debug|x64.Build.0 = Debug|x64
		{DFEF3E3C-2588-440E-8210-B6093BAD6AE5}.Release|Any CPU.ActiveCfg = Release|Any CPU
		{DFEF3E3C-2588-440E-8210-B6093BAD6AE5}.Release|Any CPU.Build.0 = Release|Any CPU
		{DFEF3E3C-2588-440E-8210-B6093BAD6AE5}.Release|x64.ActiveCfg = Release|x64
		{DFEF3E3C-2588-440E-8210-B6093BAD6AE5}.Release|x64.Build.0 = Release|x64
		{19AF581B-C9AB-4384-8498-762AB12BE96F}.Debug|Any CPU.ActiveCfg = Debug|Any CPU
		{19AF581B-C9AB-4384-8498-762AB12BE96F}.Debug|Any CPU.Build.0 = Debug|Any CPU
		{19AF581B-C9AB-4384-8498-762AB12BE96F}.Debug|x64.ActiveCfg = Debug|Any CPU
		{19AF581B-C9AB-4384-8498-762AB12BE96F}.Debug|x64.Build.0 = Debug|Any CPU
		{19AF581B-C9AB-4384-8498-762AB12BE96F}.Release|Any CPU.ActiveCfg = Release|Any CPU
		{19AF581B-C9AB-4384-8498-762AB12BE96F}.Release|Any CPU.Build.0 = Release|Any CPU
		{19AF581B-C9AB-4384-8498-762AB12BE96F}.Release|x64.ActiveCfg = Release|Any CPU
		{19AF581B-C9AB-4384-8498-762AB12BE96F}.Release|x64.Build.0 = Release|Any CPU
	EndGlobalSection
	GlobalSection(SolutionProperties) = preSolution
		HideSolutionNode = FALSE
	EndGlobalSection
	GlobalSection(ExtensibilityGlobals) = postSolution
		SolutionGuid = {DDBA4AE3-D09B-461C-9C15-D4FB5635DB47}
	EndGlobalSection
EndGlobal
